
Microsoft Visual Studio Solution File, Format Version 12.00
# Visual Studio Version 17
VisualStudioVersion = 17.0.31903.59
MinimumVisualStudioVersion = 10.0.40219.1
Project("{2150E333-8FDC-42A3-9474-1A3956D46DE8}") = "src", "src", "{827E0CD3-B72D-47B6-A68D-7590B98EB39B}"
EndProject
Project("{FAE04EC0-301F-11D3-BF4B-00C04F79EFBC}") = "Restaurant.Api", "src\Restaurant.Api\Restaurant.Api.csproj", "{C3B6671A-8A69-4B02-BE48-2B8CBC4D553E}"
EndProject
Project("{FAE04EC0-301F-11D3-BF4B-00C04F79EFBC}") = "Restaurant.Domain", "src\Restaurant.Domain\Restaurant.Domain.csproj", "{5995F725-137B-404A-BC2A-63FE6298B054}"
EndProject
Project("{FAE04EC0-301F-11D3-BF4B-00C04F79EFBC}") = "Restaurant.Infrastructure", "src\Restaurant.Infrastructure\Restaurant.Infrastructure.csproj", "{A1D051A9-B5A7-4761-94BE-599AFC5E09D1}"
EndProject
Project("{FAE04EC0-301F-11D3-BF4B-00C04F79EFBC}") = "Restaurant.Tests", "tests\Restaurant.Tests\Restaurant.Tests.csproj", "{8DE2CA8D-A3A6-4A7F-A5E2-AF47603B57E0}"
EndProject
Global
	GlobalSection(SolutionConfigurationPlatforms) = preSolution
		Debug|Any CPU = Debug|Any CPU
		Debug|x64 = Debug|x64
		Debug|x86 = Debug|x86
		Release|Any CPU = Release|Any CPU
		Release|x64 = Release|x64
		Release|x86 = Release|x86
	EndGlobalSection
	GlobalSection(ProjectConfigurationPlatforms) = postSolution
		{C3B6671A-8A69-4B02-BE48-2B8CBC4D553E}.Debug|Any CPU.ActiveCfg = Debug|Any CPU
		{C3B6671A-8A69-4B02-BE48-2B8CBC4D553E}.Debug|Any CPU.Build.0 = Debug|Any CPU
		{C3B6671A-8A69-4B02-BE48-2B8CBC4D553E}.Debug|x64.ActiveCfg = Debug|Any CPU
		{C3B6671A-8A69-4B02-BE48-2B8CBC4D553E}.Debug|x64.Build.0 = Debug|Any CPU
		{C3B6671A-8A69-4B02-BE48-2B8CBC4D553E}.Debug|x86.ActiveCfg = Debug|Any CPU
		{C3B6671A-8A69-4B02-BE48-2B8CBC4D553E}.Debug|x86.Build.0 = Debug|Any CPU
		{C3B6671A-8A69-4B02-BE48-2B8CBC4D553E}.Release|Any CPU.ActiveCfg = Release|Any CPU
		{C3B6671A-8A69-4B02-BE48-2B8CBC4D553E}.Release|Any CPU.Build.0 = Release|Any CPU
		{C3B6671A-8A69-4B02-BE48-2B8CBC4D553E}.Release|x64.ActiveCfg = Release|Any CPU
		{C3B6671A-8A69-4B02-BE48-2B8CBC4D553E}.Release|x64.Build.0 = Release|Any CPU
		{C3B6671A-8A69-4B02-BE48-2B8CBC4D553E}.Release|x86.ActiveCfg = Release|Any CPU
		{C3B6671A-8A69-4B02-BE48-2B8CBC4D553E}.Release|x86.Build.0 = Release|Any CPU
		{5995F725-137B-404A-BC2A-63FE6298B054}.Debug|Any CPU.ActiveCfg = Debug|Any CPU
		{5995F725-137B-404A-BC2A-63FE6298B054}.Debug|Any CPU.Build.0 = Debug|Any CPU
		{5995F725-137B-404A-BC2A-63FE6298B054}.Debug|x64.ActiveCfg = Debug|Any CPU
		{5995F725-137B-404A-BC2A-63FE6298B054}.Debug|x64.Build.0 = Debug|Any CPU
		{5995F725-137B-404A-BC2A-63FE6298B054}.Debug|x86.ActiveCfg = Debug|Any CPU
		{5995F725-137B-404A-BC2A-63FE6298B054}.Debug|x86.Build.0 = Debug|Any CPU
		{5995F725-137B-404A-BC2A-63FE6298B054}.Release|Any CPU.ActiveCfg = Release|Any CPU
		{5995F725-137B-404A-BC2A-63FE6298B054}.Release|Any CPU.Build.0 = Release|Any CPU
		{5995F725-137B-404A-BC2A-63FE6298B054}.Release|x64.ActiveCfg = Release|Any CPU
		{5995F725-137B-404A-BC2A-63FE6298B054}.Release|x64.Build.0 = Release|Any CPU
		{5995F725-137B-404A-BC2A-63FE6298B054}.Release|x86.ActiveCfg = Release|Any CPU
		{5995F725-137B-404A-BC2A-63FE6298B054}.Release|x86.Build.0 = Release|Any CPU
		{A1D051A9-B5A7-4761-94BE-599AFC5E09D1}.Debug|Any CPU.ActiveCfg = Debug|Any CPU
		{A1D051A9-B5A7-4761-94BE-599AFC5E09D1}.Debug|Any CPU.Build.0 = Debug|Any CPU
		{A1D051A9-B5A7-4761-94BE-599AFC5E09D1}.Debug|x64.ActiveCfg = Debug|Any CPU
		{A1D051A9-B5A7-4761-94BE-599AFC5E09D1}.Debug|x64.Build.0 = Debug|Any CPU
		{A1D051A9-B5A7-4761-94BE-599AFC5E09D1}.Debug|x86.ActiveCfg = Debug|Any CPU
		{A1D051A9-B5A7-4761-94BE-599AFC5E09D1}.Debug|x86.Build.0 = Debug|Any CPU
		{A1D051A9-B5A7-4761-94BE-599AFC5E09D1}.Release|Any CPU.ActiveCfg = Release|Any CPU
		{A1D051A9-B5A7-4761-94BE-599AFC5E09D1}.Release|Any CPU.Build.0 = Release|Any CPU
		{A1D051A9-B5A7-4761-94BE-599AFC5E09D1}.Release|x64.ActiveCfg = Release|Any CPU
		{A1D051A9-B5A7-4761-94BE-599AFC5E09D1}.Release|x64.Build.0 = Release|Any CPU
		{A1D051A9-B5A7-4761-94BE-599AFC5E09D1}.Release|x86.ActiveCfg = Release|Any CPU
		{A1D051A9-B5A7-4761-94BE-599AFC5E09D1}.Release|x86.Build.0 = Release|Any CPU
		{8DE2CA8D-A3A6-4A7F-A5E2-AF47603B57E0}.Debug|Any CPU.ActiveCfg = Debug|Any CPU
		{8DE2CA8D-A3A6-4A7F-A5E2-AF47603B57E0}.Debug|Any CPU.Build.0 = Debug|Any CPU
		{8DE2CA8D-A3A6-4A7F-A5E2-AF47603B57E0}.Debug|x64.ActiveCfg = Debug|Any CPU
		{8DE2CA8D-A3A6-4A7F-A5E2-AF47603B57E0}.Debug|x64.Build.0 = Debug|Any CPU
		{8DE2CA8D-A3A6-4A7F-A5E2-AF47603B57E0}.Debug|x86.ActiveCfg = Debug|Any CPU
		{8DE2CA8D-A3A6-4A7F-A5E2-AF47603B57E0}.Debug|x86.Build.0 = Debug|Any CPU
		{8DE2CA8D-A3A6-4A7F-A5E2-AF47603B57E0}.Release|Any CPU.ActiveCfg = Release|Any CPU
		{8DE2CA8D-A3A6-4A7F-A5E2-AF47603B57E0}.Release|Any CPU.Build.0 = Release|Any CPU
		{8DE2CA8D-A3A6-4A7F-A5E2-AF47603B57E0}.Release|x64.ActiveCfg = Release|Any CPU
		{8DE2CA8D-A3A6-4A7F-A5E2-AF47603B57E0}.Release|x64.Build.0 = Release|Any CPU
		{8DE2CA8D-A3A6-4A7F-A5E2-AF47603B57E0}.Release|x86.ActiveCfg = Release|Any CPU
		{8DE2CA8D-A3A6-4A7F-A5E2-AF47603B57E0}.Release|x86.Build.0 = Release|Any CPU
	EndGlobalSection
	GlobalSection(SolutionProperties) = preSolution
		HideSolutionNode = FALSE
	EndGlobalSection
	GlobalSection(NestedProjects) = preSolution
		{C3B6671A-8A69-4B02-BE48-2B8CBC4D553E} = {827E0CD3-B72D-47B6-A68D-7590B98EB39B}
		{5995F725-137B-404A-BC2A-63FE6298B054} = {827E0CD3-B72D-47B6-A68D-7590B98EB39B}
		{A1D051A9-B5A7-4761-94BE-599AFC5E09D1} = {827E0CD3-B72D-47B6-A68D-7590B98EB39B}
		{8DE2CA8D-A3A6-4A7F-A5E2-AF47603B57E0} = {827E0CD3-B72D-47B6-A68D-7590B98EB39B}
	EndGlobalSection
EndGlobal
